{
  "name": "solidtime-vscode-extension",
  "version": "0.0.3",
  "lockfileVersion": 3,
  "requires": true,
  "packages": {
    "": {
      "name": "solidtime-vscode-extension",
      "version": "0.0.3",
      "license": "MIT",
      "dependencies": {
        "date-fns": "^4.1.0",
        "date-fns-tz": "^3.2.0",
        "inversify": "^7.5.1",
        "throttle-debounce": "^5.0.2",
        "uniqolor": "^1.1.1"
      },
      "devDependencies": {
        "@types/node": "^22.13.8",
        "@types/throttle-debounce": "^5.0.2",
        "@types/vscode": "^1.93.0",
        "esbuild": "^0.25.0"
      },
      "engines": {
        "node": ">=18.0.0",
        "vscode": "^1.93.0"
      }
    },
    "node_modules/@esbuild/darwin-arm64": {
      "version": "0.25.0",
      "cpu": [
        "arm64"
      ],
      "dev": true,
      "license": "MIT",
      "optional": true,
      "os": [
        "darwin"
      ],
      "engines": {
        "node": ">=18"
      }
    },
    "node_modules/@inversifyjs/common": {
      "version": "1.5.0",
      "license": "MIT"
    },
    "node_modules/@inversifyjs/container": {
      "version": "1.9.1",
      "license": "MIT",
      "dependencies": {
        "@inversifyjs/common": "1.5.0",
        "@inversifyjs/core": "5.2.0",
        "@inversifyjs/reflect-metadata-utils": "1.1.0"
      },
      "peerDependencies": {
        "reflect-metadata": "~0.2.2"
      }
    },
    "node_modules/@inversifyjs/core": {
      "version": "5.2.0",
      "license": "MIT",
      "dependencies": {
        "@inversifyjs/common": "1.5.0",
        "@inversifyjs/prototype-utils": "0.1.0",
        "@inversifyjs/reflect-metadata-utils": "1.1.0"
      }
    },
    "node_modules/@inversifyjs/prototype-utils": {
      "version": "0.1.0",
      "license": "MIT",
      "dependencies": {
        "@inversifyjs/common": "1.5.0"
      }
    },
    "node_modules/@inversifyjs/reflect-metadata-utils": {
      "version": "1.1.0",
      "license": "MIT",
      "peerDependencies": {
        "reflect-metadata": "0.2.2"
      }
    },
    "node_modules/@types/node": {
      "version": "22.15.3",
      "dev": true,
      "license": "MIT",
      "dependencies": {
        "undici-types": "~6.21.0"
      }
    },
    "node_modules/@types/throttle-debounce": {
      "version": "5.0.2",
      "dev": true,
      "license": "MIT"
    },
    "node_modules/@types/vscode": {
      "version": "1.97.0",
      "dev": true,
      "license": "MIT"
    },
    "node_modules/date-fns": {
      "version": "4.1.0",
      "license": "MIT",
      "funding": {
        "type": "github",
        "url": "https://github.com/sponsors/kossnocorp"
      }
    },
    "node_modules/date-fns-tz": {
      "version": "3.2.0",
      "resolved": "https://registry.npmjs.org/date-fns-tz/-/date-fns-tz-3.2.0.tgz",
      "integrity": "sha512-sg8HqoTEulcbbbVXeg84u5UnlsQa8GS5QXMqjjYIhS4abEVVKIUwe0/l/UhrZdKaL/W5eWZNlbTeEIiOXTcsBQ==",
      "peerDependencies": {
        "date-fns": "^3.0.0 || ^4.0.0"
      }
    },
    "node_modules/esbuild": {
      "version": "0.25.0",
      "dev": true,
      "hasInstallScript": true,
      "license": "MIT",
      "bin": {
        "esbuild": "bin/esbuild"
      },
      "engines": {
        "node": ">=18"
      },
      "optionalDependencies": {
        "@esbuild/aix-ppc64": "0.25.0",
        "@esbuild/android-arm": "0.25.0",
        "@esbuild/android-arm64": "0.25.0",
        "@esbuild/android-x64": "0.25.0",
        "@esbuild/darwin-arm64": "0.25.0",
        "@esbuild/darwin-x64": "0.25.0",
        "@esbuild/freebsd-arm64": "0.25.0",
        "@esbuild/freebsd-x64": "0.25.0",
        "@esbuild/linux-arm": "0.25.0",
        "@esbuild/linux-arm64": "0.25.0",
        "@esbuild/linux-ia32": "0.25.0",
        "@esbuild/linux-loong64": "0.25.0",
        "@esbuild/linux-mips64el": "0.25.0",
        "@esbuild/linux-ppc64": "0.25.0",
        "@esbuild/linux-riscv64": "0.25.0",
        "@esbuild/linux-s390x": "0.25.0",
        "@esbuild/linux-x64": "0.25.0",
        "@esbuild/netbsd-arm64": "0.25.0",
        "@esbuild/netbsd-x64": "0.25.0",
        "@esbuild/openbsd-arm64": "0.25.0",
        "@esbuild/openbsd-x64": "0.25.0",
        "@esbuild/sunos-x64": "0.25.0",
        "@esbuild/win32-arm64": "0.25.0",
        "@esbuild/win32-ia32": "0.25.0",
        "@esbuild/win32-x64": "0.25.0"
      }
    },
    "node_modules/inversify": {
      "version": "7.5.1",
      "license": "MIT",
      "dependencies": {
        "@inversifyjs/common": "1.5.0",
        "@inversifyjs/container": "1.9.1",
        "@inversifyjs/core": "5.2.0"
      },
      "peerDependencies": {
        "reflect-metadata": "~0.2.2"
      }
    },
    "node_modules/reflect-metadata": {
      "version": "0.2.2",
      "license": "Apache-2.0",
      "peer": true
    },
    "node_modules/throttle-debounce": {
      "version": "5.0.2",
      "license": "MIT",
      "engines": {
        "node": ">=12.22"
      }
    },
    "node_modules/undici-types": {
      "version": "6.21.0",
      "dev": true,
      "license": "MIT"
    },
    "node_modules/uniqolor": {
      "version": "1.1.1",
      "resolved": "https://registry.npmjs.org/uniqolor/-/uniqolor-1.1.1.tgz",
      "integrity": "sha512-HUwezlXCwm5bzsEXW7AP7ybezH13uWENRgYT+3dOdhJPvpYucSqvIGckMiLn+Uy2j0NVf3fPp43uZ4aun3t4Ww=="
    }
  }
}
